<Solution>
  <Folder Name="/buoi3/" />
  <Folder Name="/Buoi4/">
    <Project Path="Ex.11/Ex.11.csproj" />
    <Project Path="Ex.12/Ex.12.csproj" />
    <Project Path="Ex.13/Ex.13.csproj" />
    <Project Path="Ex.14/Ex.14.csproj" />
    <Project Path="Ex.15/Ex.15.csproj" />
    <Project Path="Ex1/Ex.01.csproj" />
    <Project Path="Ex10/Ex.10.csproj" />
    <Project Path="Ex2/Ex.02.csproj" />
    <Project Path="Ex3/Ex.03.csproj" />
    <Project Path="Ex4/Ex.04.csproj" />
    <Project Path="Ex5/Ex.05.csproj" />
    <Project Path="Ex6/Ex.06.csproj" />
    <Project Path="Ex7/Ex.07.csproj" />
    <Project Path="Ex8/Ex.08.csproj" />
    <Project Path="Ex9/Ex.09.csproj" />
  </Folder>
</Solution>
