<Solution>
  <Folder Name="/Buoi4/">
    <Project Path="Ex.11/Ex.11.csproj" Id="61c011a3-a61b-4816-9866-7a29c2832624" />
    <Project Path="Ex.12/Ex.12.csproj" Id="89b6abba-2cb9-42cc-b8cb-d4c9bdbb2817" />
    <Project Path="Ex.13/Ex.13.csproj" Id="477e0721-820b-43de-a8fd-b7194729d851" />
    <Project Path="Ex.14/Ex.14.csproj" Id="0b28213e-bcf3-4505-b205-92da1b5f062f" />
    <Project Path="Ex.15/Ex.15.csproj" Id="3f64eea9-b484-4358-a044-59b261cb2bcc" />
    <Project Path="Ex.16/Ex.16.csproj" Id="a0b7189a-ce19-43ac-b84f-f155229458a9" />
    <Project Path="Ex.17/Ex.17.csproj" Id="5ebdceb8-49f7-4ba5-ac6b-25347aee6437" />
    <Project Path="Ex.18/Ex.18.csproj" Id="02b511dd-8b95-42bf-a41a-ae931aac0917" />
    <Project Path="Ex.19/Ex.19.csproj" Id="df7f301e-84e0-46da-8bba-5fe9cc30ca46" />
    <Project Path="Ex.20/Ex.20.csproj" Id="6a380a01-5c0a-45af-a112-bae26cd5fe3c" />
    <Project Path="Ex1/Ex.01.csproj" Id="c9138d21-7745-4914-8203-df23268dd774" />
    <Project Path="Ex10/Ex.10.csproj" Id="c28caaca-65a0-42b3-b458-f5e25b5c97ea" />
    <Project Path="Ex2/Ex.02.csproj" Id="61c75551-9229-49de-900e-a04c73790529" />
    <Project Path="Ex3/Ex.03.csproj" Id="52e4f77f-789e-4a79-a75e-49c8cb7b8da6" />
    <Project Path="Ex4/Ex.04.csproj" Id="b1ba818a-a4d7-464c-a29a-819dcafe84d9" />
    <Project Path="Ex5/Ex.05.csproj" Id="9b54c93f-1154-42ab-afcb-d3c3c7083d89" />
    <Project Path="Ex6/Ex.06.csproj" Id="2a4b0673-8ead-46f3-935c-157d8e0f619a" />
    <Project Path="Ex7/Ex.07.csproj" Id="7a359b81-1622-4cfd-b6b9-cc6b7c0030b4" />
    <Project Path="Ex8/Ex.08.csproj" Id="6ba08797-2c5d-46f0-bd06-c6e1e8c3108f" />
    <Project Path="Ex9/Ex.09.csproj" Id="9be88a75-a3ac-472e-9ce9-a94eb9da1918" />
  </Folder>
</Solution>
